PODS:
  - easy_contact_picker (0.0.1):
    - Flutter
  - Flutter (1.0.0)
  - fluttertoast (0.0.2):
    - Flutter
  - "permission_handler (5.1.0+2)":
    - Flutter
  - url_launcher (0.0.1):
    - Flutter

DEPENDENCIES:
  - easy_contact_picker (from `.symlinks/plugins/easy_contact_picker/ios`)
  - Flutter (from `Flutter`)
  - fluttertoast (from `.symlinks/plugins/fluttertoast/ios`)
  - permission_handler (from `.symlinks/plugins/permission_handler/ios`)
  - url_launcher (from `.symlinks/plugins/url_launcher/ios`)

EXTERNAL SOURCES:
  easy_contact_picker:
    :path: ".symlinks/plugins/easy_contact_picker/ios"
  Flutter:
    :path: Flutter
  fluttertoast:
    :path: ".symlinks/plugins/fluttertoast/ios"
  permission_handler:
    :path: ".symlinks/plugins/permission_handler/ios"
  url_launcher:
    :path: ".symlinks/plugins/url_launcher/ios"

SPEC CHECKSUMS:
  easy_contact_picker: 9ab9dc70e8ddde6e76a19ffc482d7bf899868730
  Flutter: 434fef37c0980e73bb6479ef766c45957d4b510c
  fluttertoast: b644586ef3b16f67fae9a1f8754cef6b2d6b634b
  permission_handler: ccb20a9fad0ee9b1314a52b70b76b473c5f8dab0
  url_launcher: 6fef411d543ceb26efce54b05a0a40bfd74cbbef

PODFILE CHECKSUM: 8e679eca47255a8ca8067c4c67aab20e64cb974d

COCOAPODS: 1.10.1
